
Microsoft Visual Studio Solution File, Format Version 12.00
# Visual Studio Version 16
VisualStudioVersion = 16.0.30503.244
MinimumVisualStudioVersion = 10.0.40219.1
Project("{FAE04EC0-301F-11D3-BF4B-00C04F79EFBC}") = "BidirectionalSync", "BidirectionalSync.csproj", "{4D509CB8-814D-4D26-966F-27266D2E24E2}"
EndProject
Global
	GlobalSection(SolutionConfigurationPlatforms) = preSolution
		Debug|Any CPU = Debug|Any CPU
		Release|Any CPU = Release|Any CPU
	EndGlobalSection
	GlobalSection(ProjectConfigurationPlatforms) = postSolution
		{4D509CB8-814D-4D26-966F-27266D2E24E2}.Debug|Any CPU.ActiveCfg = Debug|Any CPU
		{4D509CB8-814D-4D26-966F-27266D2E24E2}.Debug|Any CPU.Build.0 = Debug|Any CPU
		{4D509CB8-814D-4D26-966F-27266D2E24E2}.Release|Any CPU.ActiveCfg = Release|Any CPU
		{4D509CB8-814D-4D26-966F-27266D2E24E2}.Release|Any CPU.Build.0 = Release|Any CPU
	EndGlobalSection
	GlobalSection(SolutionProperties) = preSolution
		HideSolutionNode = FALSE
	EndGlobalSection
	GlobalSection(ExtensibilityGlobals) = postSolution
		SolutionGuid = {FFA52B02-4A01-40DA-9AC2-4E33BD2F62C2}
	EndGlobalSection
EndGlobal
