
Microsoft Visual Studio Solution File, Format Version 12.00
# Visual Studio Version 16
VisualStudioVersion = 16.0.30320.27
MinimumVisualStudioVersion = 10.0.40219.1
Project("{FAE04EC0-301F-11D3-BF4B-00C04F79EFBC}") = "IronOreDataGenerator_Kafka", "IronOreDataGenerator_Kafka.csproj", "{E3D171B2-D13B-4D96-A764-051AB5A714A5}"
EndProject
Global
	GlobalSection(SolutionConfigurationPlatforms) = preSolution
		Debug|Any CPU = Debug|Any CPU
		Release|Any CPU = Release|Any CPU
	EndGlobalSection
	GlobalSection(ProjectConfigurationPlatforms) = postSolution
		{E3D171B2-D13B-4D96-A764-051AB5A714A5}.Debug|Any CPU.ActiveCfg = Debug|Any CPU
		{E3D171B2-D13B-4D96-A764-051AB5A714A5}.Debug|Any CPU.Build.0 = Debug|Any CPU
		{E3D171B2-D13B-4D96-A764-051AB5A714A5}.Release|Any CPU.ActiveCfg = Release|Any CPU
		{E3D171B2-D13B-4D96-A764-051AB5A714A5}.Release|Any CPU.Build.0 = Release|Any CPU
	EndGlobalSection
	GlobalSection(SolutionProperties) = preSolution
		HideSolutionNode = FALSE
	EndGlobalSection
	GlobalSection(ExtensibilityGlobals) = postSolution
		SolutionGuid = {BAF2F3E1-83EC-4CE8-B4B3-16B66951323A}
	EndGlobalSection
EndGlobal
